// !$*UTF8*$!
{
	archiveVersion = 1;
	classes = {
	};
	objectVersion = 46;
	objects = {

/* Begin PBXBuildFile section */
		32CA9F661BF9D347006ED1B9 /* Numi.framework in Frameworks */ = {isa = PBXBuildFile; fileRef = 32CA9F651BF9D347006ED1B9 /* Numi.framework */; };
		32CA9F6C1BF9D3D7006ED1B9 /* SampleNumiPlugin.swift in Sources */ = {isa = PBXBuildFile; fileRef = 32CA9F6B1BF9D3D7006ED1B9 /* SampleNumiPlugin.swift */; };
/* End PBXBuildFile section */

/* Begin PBXFileReference section */
		32CA9F4C1BF9D2C1006ED1B9 /* SampleNumiPlugin.bundle */ = {isa = PBXFileReference; explicitFileType = wrapper.cfbundle; includeInIndex = 0; path = SampleNumiPlugin.bundle; sourceTree = BUILT_PRODUCTS_DIR; };
		32CA9F4F1BF9D2C1006ED1B9 /* Info.plist */ = {isa = PBXFileReference; lastKnownFileType = text.plist.xml; path = Info.plist; sourceTree = "<group>"; };
		32CA9F651BF9D347006ED1B9 /* Numi.framework */ = {isa = PBXFileReference; lastKnownFileType = wrapper.framework; name = Numi.framework; path = "../../../Library/Developer/Xcode/DerivedData/Numi-fatjvskfjifjobcsniyzivfkvwti/Build/Products/Debug/Numi.framework"; sourceTree = "<group>"; };
		32CA9F6A1BF9D3D6006ED1B9 /* SampleNumiPlugin-Bridging-Header.h */ = {isa = PBXFileReference; lastKnownFileType = sourcecode.c.h; path = "SampleNumiPlugin-Bridging-Header.h"; sourceTree = SOURCE_ROOT; };
		32CA9F6B1BF9D3D7006ED1B9 /* SampleNumiPlugin.swift */ = {isa = PBXFileReference; fileEncoding = 4; lastKnownFileType = sourcecode.swift; path = SampleNumiPlugin.swift; sourceTree = SOURCE_ROOT; };
		32CA9F6D1BF9E8C9006ED1B9 /* Readme.md */ = {isa = PBXFileReference; fileEncoding = 4; lastKnownFileType = net.daringfireball.markdown; path = Readme.md; sourceTree = "<group>"; };
/* End PBXFileReference section */

/* Begin PBXFrameworksBuildPhase section */
		32CA9F491BF9D2C1006ED1B9 /* Frameworks */ = {
			isa = PBXFrameworksBuildPhase;
			buildActionMask = 2147483647;
			files = (
				32CA9F661BF9D347006ED1B9 /* Numi.framework in Frameworks */,
			);
			runOnlyForDeploymentPostprocessing = 0;
		};
/* End PBXFrameworksBuildPhase section */

/* Begin PBXGroup section */
		32CA9F431BF9D2C1006ED1B9 = {
			isa = PBXGroup;
			children = (
				32CA9F651BF9D347006ED1B9 /* Numi.framework */,
				32CA9F4E1BF9D2C1006ED1B9 /* SampleNumiPlugin */,
				32CA9F4D1BF9D2C1006ED1B9 /* Products */,
				32CA9F6D1BF9E8C9006ED1B9 /* Readme.md */,
			);
			sourceTree = "<group>";
		};
		32CA9F4D1BF9D2C1006ED1B9 /* Products */ = {
			isa = PBXGroup;
			children = (
				32CA9F4C1BF9D2C1006ED1B9 /* SampleNumiPlugin.bundle */,
			);
			name = Products;
			sourceTree = "<group>";
		};
		32CA9F4E1BF9D2C1006ED1B9 /* SampleNumiPlugin */ = {
			isa = PBXGroup;
			children = (
				32CA9F6B1BF9D3D7006ED1B9 /* SampleNumiPlugin.swift */,
				32CA9F4F1BF9D2C1006ED1B9 /* Info.plist */,
				32CA9F6A1BF9D3D6006ED1B9 /* SampleNumiPlugin-Bridging-Header.h */,
			);
			path = SampleNumiPlugin;
			sourceTree = "<group>";
		};
/* End PBXGroup section */

/* Begin PBXNativeTarget section */
		32CA9F4B1BF9D2C1006ED1B9 /* SampleNumiPlugin */ = {
			isa = PBXNativeTarget;
			buildConfigurationList = 32CA9F521BF9D2C1006ED1B9 /* Build configuration list for PBXNativeTarget "SampleNumiPlugin" */;
			buildPhases = (
				32CA9F481BF9D2C1006ED1B9 /* Sources */,
				32CA9F491BF9D2C1006ED1B9 /* Frameworks */,
				32CA9F4A1BF9D2C1006ED1B9 /* Resources */,
				32CA9F691BF9D3B1006ED1B9 /* Copy to Numi Plugins */,
			);
			buildRules = (
			);
			dependencies = (
			);
			name = SampleNumiPlugin;
			productName = SampleNumiPlugin;
			productReference = 32CA9F4C1BF9D2C1006ED1B9 /* SampleNumiPlugin.bundle */;
			productType = "com.apple.product-type.bundle";
		};
/* End PBXNativeTarget section */

/* Begin PBXProject section */
		32CA9F441BF9D2C1006ED1B9 /* Project object */ = {
			isa = PBXProject;
			attributes = {
				LastUpgradeCheck = 0710;
				ORGANIZATIONNAME = "Dmitry Nikolaev";
				TargetAttributes = {
					32CA9F4B1BF9D2C1006ED1B9 = {
						CreatedOnToolsVersion = 7.1;
					};
				};
			};
			buildConfigurationList = 32CA9F471BF9D2C1006ED1B9 /* Build configuration list for PBXProject "SampleNumiPlugin" */;
			compatibilityVersion = "Xcode 3.2";
			developmentRegion = English;
			hasScannedForEncodings = 0;
			knownRegions = (
				en,
			);
			mainGroup = 32CA9F431BF9D2C1006ED1B9;
			productRefGroup = 32CA9F4D1BF9D2C1006ED1B9 /* Products */;
			projectDirPath = "";
			projectRoot = "";
			targets = (
				32CA9F4B1BF9D2C1006ED1B9 /* SampleNumiPlugin */,
			);
		};
/* End PBXProject section */

/* Begin PBXResourcesBuildPhase section */
		32CA9F4A1BF9D2C1006ED1B9 /* Resources */ = {
			isa = PBXResourcesBuildPhase;
			buildActionMask = 2147483647;
			files = (
			);
			runOnlyForDeploymentPostprocessing = 0;
		};
/* End PBXResourcesBuildPhase section */

/* Begin PBXShellScriptBuildPhase section */
		32CA9F691BF9D3B1006ED1B9 /* Copy to Numi Plugins */ = {
			isa = PBXShellScriptBuildPhase;
			buildActionMask = 2147483647;
			files = (
			);
			inputPaths = (
			);
			name = "Copy to Numi Plugins";
			outputPaths = (
			);
			runOnlyForDeploymentPostprocessing = 0;
			shellPath = /bin/sh;
			shellScript = "cp -r \"${BUILT_PRODUCTS_DIR}/${EXECUTABLE_NAME}.bundle\" ~/Library/Application\\ Support/Numi/Plugins/";
		};
/* End PBXShellScriptBuildPhase section */

/* Begin PBXSourcesBuildPhase section */
		32CA9F481BF9D2C1006ED1B9 /* Sources */ = {
			isa = PBXSourcesBuildPhase;
			buildActionMask = 2147483647;
			files = (
				32CA9F6C1BF9D3D7006ED1B9 /* SampleNumiPlugin.swift in Sources */,
			);
			runOnlyForDeploymentPostprocessing = 0;
		};
/* End PBXSourcesBuildPhase section */

/* Begin XCBuildConfiguration section */
		32CA9F501BF9D2C1006ED1B9 /* Debug */ = {
			isa = XCBuildConfiguration;
			buildSettings = {
				ALWAYS_SEARCH_USER_PATHS = NO;
				CLANG_CXX_LANGUAGE_STANDARD = "gnu++0x";
				CLANG_CXX_LIBRARY = "libc++";
				CLANG_ENABLE_MODULES = YES;
				CLANG_ENABLE_OBJC_ARC = YES;
				CLANG_WARN_BOOL_CONVERSION = YES;
				CLANG_WARN_CONSTANT_CONVERSION = YES;
				CLANG_WARN_DIRECT_OBJC_ISA_USAGE = YES_ERROR;
				CLANG_WARN_EMPTY_BODY = YES;
				CLANG_WARN_ENUM_CONVERSION = YES;
				CLANG_WARN_INT_CONVERSION = YES;
				CLANG_WARN_OBJC_ROOT_CLASS = YES_ERROR;
				CLANG_WARN_UNREACHABLE_CODE = YES;
				CLANG_WARN__DUPLICATE_METHOD_MATCH = YES;
				CODE_SIGN_IDENTITY = "-";
				COPY_PHASE_STRIP = NO;
				DEBUG_INFORMATION_FORMAT = dwarf;
				ENABLE_STRICT_OBJC_MSGSEND = YES;
				ENABLE_TESTABILITY = YES;
				GCC_C_LANGUAGE_STANDARD = gnu99;
				GCC_DYNAMIC_NO_PIC = NO;
				GCC_NO_COMMON_BLOCKS = YES;
				GCC_OPTIMIZATION_LEVEL = 0;
				GCC_PREPROCESSOR_DEFINITIONS = (
					"DEBUG=1",
					"$(inherited)",
				);
				GCC_WARN_64_TO_32_BIT_CONVERSION = YES;
				GCC_WARN_ABOUT_RETURN_TYPE = YES_ERROR;
				GCC_WARN_UNDECLARED_SELECTOR = YES;
				GCC_WARN_UNINITIALIZED_AUTOS = YES_AGGRESSIVE;
				GCC_WARN_UNUSED_FUNCTION = YES;
				GCC_WARN_UNUSED_VARIABLE = YES;
				MACOSX_DEPLOYMENT_TARGET = 10.11;
				MTL_ENABLE_DEBUG_INFO = YES;
				ONLY_ACTIVE_ARCH = YES;
				SDKROOT = macosx;
			};
			name = Debug;
		};
		32CA9F511BF9D2C1006ED1B9 /* Release */ = {
			isa = XCBuildConfiguration;
			buildSettings = {
				ALWAYS_SEARCH_USER_PATHS = NO;
				CLANG_CXX_LANGUAGE_STANDARD = "gnu++0x";
				CLANG_CXX_LIBRARY = "libc++";
				CLANG_ENABLE_MODULES = YES;
				CLANG_ENABLE_OBJC_ARC = YES;
				CLANG_WARN_BOOL_CONVERSION = YES;
				CLANG_WARN_CONSTANT_CONVERSION = YES;
				CLANG_WARN_DIRECT_OBJC_ISA_USAGE = YES_ERROR;
				CLANG_WARN_EMPTY_BODY = YES;
				CLANG_WARN_ENUM_CONVERSION = YES;
				CLANG_WARN_INT_CONVERSION = YES;
				CLANG_WARN_OBJC_ROOT_CLASS = YES_ERROR;
				CLANG_WARN_UNREACHABLE_CODE = YES;
				CLANG_WARN__DUPLICATE_METHOD_MATCH = YES;
				CODE_SIGN_IDENTITY = "-";
				COPY_PHASE_STRIP = NO;
				DEBUG_INFORMATION_FORMAT = "dwarf-with-dsym";
				ENABLE_NS_ASSERTIONS = NO;
				ENABLE_STRICT_OBJC_MSGSEND = YES;
				GCC_C_LANGUAGE_STANDARD = gnu99;
				GCC_NO_COMMON_BLOCKS = YES;
				GCC_WARN_64_TO_32_BIT_CONVERSION = YES;
				GCC_WARN_ABOUT_RETURN_TYPE = YES_ERROR;
				GCC_WARN_UNDECLARED_SELECTOR = YES;
				GCC_WARN_UNINITIALIZED_AUTOS = YES_AGGRESSIVE;
				GCC_WARN_UNUSED_FUNCTION = YES;
				GCC_WARN_UNUSED_VARIABLE = YES;
				MACOSX_DEPLOYMENT_TARGET = 10.11;
				MTL_ENABLE_DEBUG_INFO = NO;
				SDKROOT = macosx;
			};
			name = Release;
		};
		32CA9F531BF9D2C1006ED1B9 /* Debug */ = {
			isa = XCBuildConfiguration;
			buildSettings = {
				CLANG_ENABLE_MODULES = YES;
				COMBINE_HIDPI_IMAGES = YES;
				INFOPLIST_FILE = SampleNumiPlugin/Info.plist;
				INSTALL_PATH = "$(LOCAL_LIBRARY_DIR)/Bundles";
				LD_RUNPATH_SEARCH_PATHS = "$(inherited) @executable_path/../Frameworks @loader_path/../Frameworks";
				PRODUCT_BUNDLE_IDENTIFIER = com.nikolaeu.SampleNumiPlugin;
				PRODUCT_NAME = "$(TARGET_NAME)";
				SKIP_INSTALL = YES;
				SWIFT_OBJC_BRIDGING_HEADER = "SampleNumiPlugin-Bridging-Header.h";
				SWIFT_OPTIMIZATION_LEVEL = "-Onone";
				WRAPPER_EXTENSION = bundle;
			};
			name = Debug;
		};
		32CA9F541BF9D2C1006ED1B9 /* Release */ = {
			isa = XCBuildConfiguration;
			buildSettings = {
				CLANG_ENABLE_MODULES = YES;
				COMBINE_HIDPI_IMAGES = YES;
				INFOPLIST_FILE = SampleNumiPlugin/Info.plist;
				INSTALL_PATH = "$(LOCAL_LIBRARY_DIR)/Bundles";
				LD_RUNPATH_SEARCH_PATHS = "$(inherited) @executable_path/../Frameworks @loader_path/../Frameworks";
				PRODUCT_BUNDLE_IDENTIFIER = com.nikolaeu.SampleNumiPlugin;
				PRODUCT_NAME = "$(TARGET_NAME)";
				SKIP_INSTALL = YES;
				SWIFT_OBJC_BRIDGING_HEADER = "SampleNumiPlugin-Bridging-Header.h";
				WRAPPER_EXTENSION = bundle;
			};
			name = Release;
		};
/* End XCBuildConfiguration section */

/* Begin XCConfigurationList section */
		32CA9F471BF9D2C1006ED1B9 /* Build configuration list for PBXProject "SampleNumiPlugin" */ = {
			isa = XCConfigurationList;
			buildConfigurations = (
				32CA9F501BF9D2C1006ED1B9 /* Debug */,
				32CA9F511BF9D2C1006ED1B9 /* Release */,
			);
			defaultConfigurationIsVisible = 0;
			defaultConfigurationName = Release;
		};
		32CA9F521BF9D2C1006ED1B9 /* Build configuration list for PBXNativeTarget "SampleNumiPlugin" */ = {
			isa = XCConfigurationList;
			buildConfigurations = (
				32CA9F531BF9D2C1006ED1B9 /* Debug */,
				32CA9F541BF9D2C1006ED1B9 /* Release */,
			);
			defaultConfigurationIsVisible = 0;
			defaultConfigurationName = Release;
		};
/* End XCConfigurationList section */
	};
	rootObject = 32CA9F441BF9D2C1006ED1B9 /* Project object */;
}
